
Microsoft Visual Studio Solution File, Format Version 12.00
# Visual Studio 15
VisualStudioVersion = 15.0.28010.2036
MinimumVisualStudioVersion = 10.0.40219.1
Project("{FAE04EC0-301F-11D3-BF4B-00C04F79EFBC}") = "Antikvariatägarens Dotter", "Antikvariatägarens Dotter\Antikvariatägarens Dotter.csproj", "{FEEB68A7-3FA5-471B-B4FB-C18679392E07}"
EndProject
Global
	GlobalSection(SolutionConfigurationPlatforms) = preSolution
		Debug|Any CPU = Debug|Any CPU
		Release|Any CPU = Release|Any CPU
	EndGlobalSection
	GlobalSection(ProjectConfigurationPlatforms) = postSolution
		{FEEB68A7-3FA5-471B-B4FB-C18679392E07}.Debug|Any CPU.ActiveCfg = Debug|Any CPU
		{FEEB68A7-3FA5-471B-B4FB-C18679392E07}.Debug|Any CPU.Build.0 = Debug|Any CPU
		{FEEB68A7-3FA5-471B-B4FB-C18679392E07}.Release|Any CPU.ActiveCfg = Release|Any CPU
		{FEEB68A7-3FA5-471B-B4FB-C18679392E07}.Release|Any CPU.Build.0 = Release|Any CPU
	EndGlobalSection
	GlobalSection(SolutionProperties) = preSolution
		HideSolutionNode = FALSE
	EndGlobalSection
	GlobalSection(ExtensibilityGlobals) = postSolution
		SolutionGuid = {4FF1F802-7A75-4F9F-AEE5-4874F6E4865A}
	EndGlobalSection
EndGlobal
